// !$*UTF8*$!
{
	archiveVersion = 1;
	classes = {
	};
	objectVersion = 56;
	objects = {

/* Begin PBXBuildFile section */
		45D52D252A07275C000E6889 /* ExpandWindowHotKeyApp.swift in Sources */ = {isa = PBXBuildFile; fileRef = 45D52D242A07275C000E6889 /* ExpandWindowHotKeyApp.swift */; };
		45D52D292A07275E000E6889 /* Assets.xcassets in Resources */ = {isa = PBXBuildFile; fileRef = 45D52D282A07275E000E6889 /* Assets.xcassets */; };
		45D52D2C2A07275E000E6889 /* Preview Assets.xcassets in Resources */ = {isa = PBXBuildFile; fileRef = 45D52D2B2A07275E000E6889 /* Preview Assets.xcassets */; };
		45D52D372A07276F000E6889 /* NSEventKeyCodeToString.swift in Sources */ = {isa = PBXBuildFile; fileRef = 45D52D342A07276F000E6889 /* NSEventKeyCodeToString.swift */; };
		45D52D382A07276F000E6889 /* ModifierFlagsConverter.swift in Sources */ = {isa = PBXBuildFile; fileRef = 45D52D352A07276F000E6889 /* ModifierFlagsConverter.swift */; };
		45D52D392A07276F000E6889 /* UIntConverter.swift in Sources */ = {isa = PBXBuildFile; fileRef = 45D52D362A07276F000E6889 /* UIntConverter.swift */; };
		45D52D3E2A07277F000E6889 /* HotKeyRegistry.swift in Sources */ = {isa = PBXBuildFile; fileRef = 45D52D3A2A07277F000E6889 /* HotKeyRegistry.swift */; };
		45D52D3F2A07277F000E6889 /* SettingsView.swift in Sources */ = {isa = PBXBuildFile; fileRef = 45D52D3B2A07277F000E6889 /* SettingsView.swift */; };
		45D52D402A07277F000E6889 /* Constants.swift in Sources */ = {isa = PBXBuildFile; fileRef = 45D52D3C2A07277F000E6889 /* Constants.swift */; };
		45D52D412A07277F000E6889 /* WindowManager.swift in Sources */ = {isa = PBXBuildFile; fileRef = 45D52D3D2A07277F000E6889 /* WindowManager.swift */; };
/* End PBXBuildFile section */

/* Begin PBXFileReference section */
		45D52D212A07275C000E6889 /* ExpandWindowHotKey.app */ = {isa = PBXFileReference; explicitFileType = wrapper.application; includeInIndex = 0; path = ExpandWindowHotKey.app; sourceTree = BUILT_PRODUCTS_DIR; };
		45D52D242A07275C000E6889 /* ExpandWindowHotKeyApp.swift */ = {isa = PBXFileReference; lastKnownFileType = sourcecode.swift; path = ExpandWindowHotKeyApp.swift; sourceTree = "<group>"; };
		45D52D282A07275E000E6889 /* Assets.xcassets */ = {isa = PBXFileReference; lastKnownFileType = folder.assetcatalog; path = Assets.xcassets; sourceTree = "<group>"; };
		45D52D2B2A07275E000E6889 /* Preview Assets.xcassets */ = {isa = PBXFileReference; lastKnownFileType = folder.assetcatalog; path = "Preview Assets.xcassets"; sourceTree = "<group>"; };
		45D52D2D2A07275E000E6889 /* ExpandWindowHotKey.entitlements */ = {isa = PBXFileReference; lastKnownFileType = text.plist.entitlements; path = ExpandWindowHotKey.entitlements; sourceTree = "<group>"; };
		45D52D342A07276F000E6889 /* NSEventKeyCodeToString.swift */ = {isa = PBXFileReference; fileEncoding = 4; lastKnownFileType = sourcecode.swift; path = NSEventKeyCodeToString.swift; sourceTree = "<group>"; };
		45D52D352A07276F000E6889 /* ModifierFlagsConverter.swift */ = {isa = PBXFileReference; fileEncoding = 4; lastKnownFileType = sourcecode.swift; path = ModifierFlagsConverter.swift; sourceTree = "<group>"; };
		45D52D362A07276F000E6889 /* UIntConverter.swift */ = {isa = PBXFileReference; fileEncoding = 4; lastKnownFileType = sourcecode.swift; path = UIntConverter.swift; sourceTree = "<group>"; };
		45D52D3A2A07277F000E6889 /* HotKeyRegistry.swift */ = {isa = PBXFileReference; fileEncoding = 4; lastKnownFileType = sourcecode.swift; path = HotKeyRegistry.swift; sourceTree = "<group>"; };
		45D52D3B2A07277F000E6889 /* SettingsView.swift */ = {isa = PBXFileReference; fileEncoding = 4; lastKnownFileType = sourcecode.swift; path = SettingsView.swift; sourceTree = "<group>"; };
		45D52D3C2A07277F000E6889 /* Constants.swift */ = {isa = PBXFileReference; fileEncoding = 4; lastKnownFileType = sourcecode.swift; path = Constants.swift; sourceTree = "<group>"; };
		45D52D3D2A07277F000E6889 /* WindowManager.swift */ = {isa = PBXFileReference; fileEncoding = 4; lastKnownFileType = sourcecode.swift; path = WindowManager.swift; sourceTree = "<group>"; };
/* End PBXFileReference section */

/* Begin PBXFrameworksBuildPhase section */
		45D52D1E2A07275C000E6889 /* Frameworks */ = {
			isa = PBXFrameworksBuildPhase;
			buildActionMask = 2147483647;
			files = (
			);
			runOnlyForDeploymentPostprocessing = 0;
		};
/* End PBXFrameworksBuildPhase section */

/* Begin PBXGroup section */
		45D52D182A07275C000E6889 = {
			isa = PBXGroup;
			children = (
				45D52D232A07275C000E6889 /* ExpandWindowHotKey */,
				45D52D222A07275C000E6889 /* Products */,
			);
			sourceTree = "<group>";
		};
		45D52D222A07275C000E6889 /* Products */ = {
			isa = PBXGroup;
			children = (
				45D52D212A07275C000E6889 /* ExpandWindowHotKey.app */,
			);
			name = Products;
			sourceTree = "<group>";
		};
		45D52D232A07275C000E6889 /* ExpandWindowHotKey */ = {
			isa = PBXGroup;
			children = (
				45D52D332A07276F000E6889 /* Converters */,
				45D52D242A07275C000E6889 /* ExpandWindowHotKeyApp.swift */,
				45D52D3C2A07277F000E6889 /* Constants.swift */,
				45D52D3A2A07277F000E6889 /* HotKeyRegistry.swift */,
				45D52D3B2A07277F000E6889 /* SettingsView.swift */,
				45D52D3D2A07277F000E6889 /* WindowManager.swift */,
				45D52D282A07275E000E6889 /* Assets.xcassets */,
				45D52D2D2A07275E000E6889 /* ExpandWindowHotKey.entitlements */,
				45D52D2A2A07275E000E6889 /* Preview Content */,
			);
			path = ExpandWindowHotKey;
			sourceTree = "<group>";
		};
		45D52D2A2A07275E000E6889 /* Preview Content */ = {
			isa = PBXGroup;
			children = (
				45D52D2B2A07275E000E6889 /* Preview Assets.xcassets */,
			);
			path = "Preview Content";
			sourceTree = "<group>";
		};
		45D52D332A07276F000E6889 /* Converters */ = {
			isa = PBXGroup;
			children = (
				45D52D342A07276F000E6889 /* NSEventKeyCodeToString.swift */,
				45D52D352A07276F000E6889 /* ModifierFlagsConverter.swift */,
				45D52D362A07276F000E6889 /* UIntConverter.swift */,
			);
			path = Converters;
			sourceTree = "<group>";
		};
/* End PBXGroup section */

/* Begin PBXNativeTarget section */
		45D52D202A07275C000E6889 /* ExpandWindowHotKey */ = {
			isa = PBXNativeTarget;
			buildConfigurationList = 45D52D302A07275E000E6889 /* Build configuration list for PBXNativeTarget "ExpandWindowHotKey" */;
			buildPhases = (
				45D52D1D2A07275C000E6889 /* Sources */,
				45D52D1E2A07275C000E6889 /* Frameworks */,
				45D52D1F2A07275C000E6889 /* Resources */,
			);
			buildRules = (
			);
			dependencies = (
			);
			name = ExpandWindowHotKey;
			productName = ExpandWindowHotKey;
			productReference = 45D52D212A07275C000E6889 /* ExpandWindowHotKey.app */;
			productType = "com.apple.product-type.application";
		};
/* End PBXNativeTarget section */

/* Begin PBXProject section */
		45D52D192A07275C000E6889 /* Project object */ = {
			isa = PBXProject;
			attributes = {
				BuildIndependentTargetsInParallel = 1;
				LastSwiftUpdateCheck = 1430;
				LastUpgradeCheck = 1430;
				TargetAttributes = {
					45D52D202A07275C000E6889 = {
						CreatedOnToolsVersion = 14.3;
					};
				};
			};
			buildConfigurationList = 45D52D1C2A07275C000E6889 /* Build configuration list for PBXProject "ExpandWindowHotKey" */;
			compatibilityVersion = "Xcode 14.0";
			developmentRegion = en;
			hasScannedForEncodings = 0;
			knownRegions = (
				en,
				Base,
			);
			mainGroup = 45D52D182A07275C000E6889;
			productRefGroup = 45D52D222A07275C000E6889 /* Products */;
			projectDirPath = "";
			projectRoot = "";
			targets = (
				45D52D202A07275C000E6889 /* ExpandWindowHotKey */,
			);
		};
/* End PBXProject section */

/* Begin PBXResourcesBuildPhase section */
		45D52D1F2A07275C000E6889 /* Resources */ = {
			isa = PBXResourcesBuildPhase;
			buildActionMask = 2147483647;
			files = (
				45D52D2C2A07275E000E6889 /* Preview Assets.xcassets in Resources */,
				45D52D292A07275E000E6889 /* Assets.xcassets in Resources */,
			);
			runOnlyForDeploymentPostprocessing = 0;
		};
/* End PBXResourcesBuildPhase section */

/* Begin PBXSourcesBuildPhase section */
		45D52D1D2A07275C000E6889 /* Sources */ = {
			isa = PBXSourcesBuildPhase;
			buildActionMask = 2147483647;
			files = (
				45D52D3F2A07277F000E6889 /* SettingsView.swift in Sources */,
				45D52D372A07276F000E6889 /* NSEventKeyCodeToString.swift in Sources */,
				45D52D252A07275C000E6889 /* ExpandWindowHotKeyApp.swift in Sources */,
				45D52D382A07276F000E6889 /* ModifierFlagsConverter.swift in Sources */,
				45D52D412A07277F000E6889 /* WindowManager.swift in Sources */,
				45D52D3E2A07277F000E6889 /* HotKeyRegistry.swift in Sources */,
				45D52D392A07276F000E6889 /* UIntConverter.swift in Sources */,
				45D52D402A07277F000E6889 /* Constants.swift in Sources */,
			);
			runOnlyForDeploymentPostprocessing = 0;
		};
/* End PBXSourcesBuildPhase section */

/* Begin XCBuildConfiguration section */
		45D52D2E2A07275E000E6889 /* Debug */ = {
			isa = XCBuildConfiguration;
			buildSettings = {
				ALWAYS_SEARCH_USER_PATHS = NO;
				CLANG_ANALYZER_NONNULL = YES;
				CLANG_ANALYZER_NUMBER_OBJECT_CONVERSION = YES_AGGRESSIVE;
				CLANG_CXX_LANGUAGE_STANDARD = "gnu++20";
				CLANG_ENABLE_MODULES = YES;
				CLANG_ENABLE_OBJC_ARC = YES;
				CLANG_ENABLE_OBJC_WEAK = YES;
				CLANG_WARN_BLOCK_CAPTURE_AUTORELEASING = YES;
				CLANG_WARN_BOOL_CONVERSION = YES;
				CLANG_WARN_COMMA = YES;
				CLANG_WARN_CONSTANT_CONVERSION = YES;
				CLANG_WARN_DEPRECATED_OBJC_IMPLEMENTATIONS = YES;
				CLANG_WARN_DIRECT_OBJC_ISA_USAGE = YES_ERROR;
				CLANG_WARN_DOCUMENTATION_COMMENTS = YES;
				CLANG_WARN_EMPTY_BODY = YES;
				CLANG_WARN_ENUM_CONVERSION = YES;
				CLANG_WARN_INFINITE_RECURSION = YES;
				CLANG_WARN_INT_CONVERSION = YES;
				CLANG_WARN_NON_LITERAL_NULL_CONVERSION = YES;
				CLANG_WARN_OBJC_IMPLICIT_RETAIN_SELF = YES;
				CLANG_WARN_OBJC_LITERAL_CONVERSION = YES;
				CLANG_WARN_OBJC_ROOT_CLASS = YES_ERROR;
				CLANG_WARN_QUOTED_INCLUDE_IN_FRAMEWORK_HEADER = YES;
				CLANG_WARN_RANGE_LOOP_ANALYSIS = YES;
				CLANG_WARN_STRICT_PROTOTYPES = YES;
				CLANG_WARN_SUSPICIOUS_MOVE = YES;
				CLANG_WARN_UNGUARDED_AVAILABILITY = YES_AGGRESSIVE;
				CLANG_WARN_UNREACHABLE_CODE = YES;
				CLANG_WARN__DUPLICATE_METHOD_MATCH = YES;
				COPY_PHASE_STRIP = NO;
				DEBUG_INFORMATION_FORMAT = dwarf;
				ENABLE_STRICT_OBJC_MSGSEND = YES;
				ENABLE_TESTABILITY = YES;
				GCC_C_LANGUAGE_STANDARD = gnu11;
				GCC_DYNAMIC_NO_PIC = NO;
				GCC_NO_COMMON_BLOCKS = YES;
				GCC_OPTIMIZATION_LEVEL = 0;
				GCC_PREPROCESSOR_DEFINITIONS = (
					"DEBUG=1",
					"$(inherited)",
				);
				GCC_WARN_64_TO_32_BIT_CONVERSION = YES;
				GCC_WARN_ABOUT_RETURN_TYPE = YES_ERROR;
				GCC_WARN_UNDECLARED_SELECTOR = YES;
				GCC_WARN_UNINITIALIZED_AUTOS = YES_AGGRESSIVE;
				GCC_WARN_UNUSED_FUNCTION = YES;
				GCC_WARN_UNUSED_VARIABLE = YES;
				MACOSX_DEPLOYMENT_TARGET = 13.2;
				MTL_ENABLE_DEBUG_INFO = INCLUDE_SOURCE;
				MTL_FAST_MATH = YES;
				ONLY_ACTIVE_ARCH = YES;
				SDKROOT = macosx;
				SWIFT_ACTIVE_COMPILATION_CONDITIONS = DEBUG;
				SWIFT_OPTIMIZATION_LEVEL = "-Onone";
			};
			name = Debug;
		};
		45D52D2F2A07275E000E6889 /* Release */ = {
			isa = XCBuildConfiguration;
			buildSettings = {
				ALWAYS_SEARCH_USER_PATHS = NO;
				CLANG_ANALYZER_NONNULL = YES;
				CLANG_ANALYZER_NUMBER_OBJECT_CONVERSION = YES_AGGRESSIVE;
				CLANG_CXX_LANGUAGE_STANDARD = "gnu++20";
				CLANG_ENABLE_MODULES = YES;
				CLANG_ENABLE_OBJC_ARC = YES;
				CLANG_ENABLE_OBJC_WEAK = YES;
				CLANG_WARN_BLOCK_CAPTURE_AUTORELEASING = YES;
				CLANG_WARN_BOOL_CONVERSION = YES;
				CLANG_WARN_COMMA = YES;
				CLANG_WARN_CONSTANT_CONVERSION = YES;
				CLANG_WARN_DEPRECATED_OBJC_IMPLEMENTATIONS = YES;
				CLANG_WARN_DIRECT_OBJC_ISA_USAGE = YES_ERROR;
				CLANG_WARN_DOCUMENTATION_COMMENTS = YES;
				CLANG_WARN_EMPTY_BODY = YES;
				CLANG_WARN_ENUM_CONVERSION = YES;
				CLANG_WARN_INFINITE_RECURSION = YES;
				CLANG_WARN_INT_CONVERSION = YES;
				CLANG_WARN_NON_LITERAL_NULL_CONVERSION = YES;
				CLANG_WARN_OBJC_IMPLICIT_RETAIN_SELF = YES;
				CLANG_WARN_OBJC_LITERAL_CONVERSION = YES;
				CLANG_WARN_OBJC_ROOT_CLASS = YES_ERROR;
				CLANG_WARN_QUOTED_INCLUDE_IN_FRAMEWORK_HEADER = YES;
				CLANG_WARN_RANGE_LOOP_ANALYSIS = YES;
				CLANG_WARN_STRICT_PROTOTYPES = YES;
				CLANG_WARN_SUSPICIOUS_MOVE = YES;
				CLANG_WARN_UNGUARDED_AVAILABILITY = YES_AGGRESSIVE;
				CLANG_WARN_UNREACHABLE_CODE = YES;
				CLANG_WARN__DUPLICATE_METHOD_MATCH = YES;
				COPY_PHASE_STRIP = NO;
				DEBUG_INFORMATION_FORMAT = "dwarf-with-dsym";
				ENABLE_NS_ASSERTIONS = NO;
				ENABLE_STRICT_OBJC_MSGSEND = YES;
				GCC_C_LANGUAGE_STANDARD = gnu11;
				GCC_NO_COMMON_BLOCKS = YES;
				GCC_WARN_64_TO_32_BIT_CONVERSION = YES;
				GCC_WARN_ABOUT_RETURN_TYPE = YES_ERROR;
				GCC_WARN_UNDECLARED_SELECTOR = YES;
				GCC_WARN_UNINITIALIZED_AUTOS = YES_AGGRESSIVE;
				GCC_WARN_UNUSED_FUNCTION = YES;
				GCC_WARN_UNUSED_VARIABLE = YES;
				MACOSX_DEPLOYMENT_TARGET = 13.2;
				MTL_ENABLE_DEBUG_INFO = NO;
				MTL_FAST_MATH = YES;
				SDKROOT = macosx;
				SWIFT_COMPILATION_MODE = wholemodule;
				SWIFT_OPTIMIZATION_LEVEL = "-O";
			};
			name = Release;
		};
		45D52D312A07275E000E6889 /* Debug */ = {
			isa = XCBuildConfiguration;
			buildSettings = {
				ASSETCATALOG_COMPILER_APPICON_NAME = AppIcon;
				ASSETCATALOG_COMPILER_GLOBAL_ACCENT_COLOR_NAME = AccentColor;
				CODE_SIGN_ENTITLEMENTS = ExpandWindowHotKey/ExpandWindowHotKey.entitlements;
				CODE_SIGN_STYLE = Manual;
				COMBINE_HIDPI_IMAGES = YES;
				CURRENT_PROJECT_VERSION = 1;
				DEVELOPMENT_ASSET_PATHS = "\"ExpandWindowHotKey/Preview Content\"";
				DEVELOPMENT_TEAM = "";
				ENABLE_HARDENED_RUNTIME = YES;
				ENABLE_PREVIEWS = YES;
				GENERATE_INFOPLIST_FILE = YES;
				INFOPLIST_KEY_NSHumanReadableCopyright = "";
				LD_RUNPATH_SEARCH_PATHS = (
					"$(inherited)",
					"@executable_path/../Frameworks",
				);
				MACOSX_DEPLOYMENT_TARGET = 14.6;
				MARKETING_VERSION = 1.0;
				PRODUCT_BUNDLE_IDENTIFIER = development.private.jeehoon.ExpandWindowHotKey;
				PRODUCT_NAME = "$(TARGET_NAME)";
				PROVISIONING_PROFILE_SPECIFIER = "";
				SWIFT_EMIT_LOC_STRINGS = YES;
				SWIFT_VERSION = 5.0;
			};
			name = Debug;
		};
		45D52D322A07275E000E6889 /* Release */ = {
			isa = XCBuildConfiguration;
			buildSettings = {
				ASSETCATALOG_COMPILER_APPICON_NAME = AppIcon;
				ASSETCATALOG_COMPILER_GLOBAL_ACCENT_COLOR_NAME = AccentColor;
				CODE_SIGN_ENTITLEMENTS = ExpandWindowHotKey/ExpandWindowHotKey.entitlements;
				CODE_SIGN_STYLE = Manual;
				COMBINE_HIDPI_IMAGES = YES;
				CURRENT_PROJECT_VERSION = 1;
				DEVELOPMENT_ASSET_PATHS = "\"ExpandWindowHotKey/Preview Content\"";
				DEVELOPMENT_TEAM = "";
				ENABLE_HARDENED_RUNTIME = YES;
				ENABLE_PREVIEWS = YES;
				GENERATE_INFOPLIST_FILE = YES;
				INFOPLIST_KEY_NSHumanReadableCopyright = "";
				LD_RUNPATH_SEARCH_PATHS = (
					"$(inherited)",
					"@executable_path/../Frameworks",
				);
				MACOSX_DEPLOYMENT_TARGET = 14.6;
				MARKETING_VERSION = 1.0;
				PRODUCT_BUNDLE_IDENTIFIER = development.private.jeehoon.ExpandWindowHotKey;
				PRODUCT_NAME = "$(TARGET_NAME)";
				PROVISIONING_PROFILE_SPECIFIER = "";
				SWIFT_EMIT_LOC_STRINGS = YES;
				SWIFT_VERSION = 5.0;
			};
			name = Release;
		};
/* End XCBuildConfiguration section */

/* Begin XCConfigurationList section */
		45D52D1C2A07275C000E6889 /* Build configuration list for PBXProject "ExpandWindowHotKey" */ = {
			isa = XCConfigurationList;
			buildConfigurations = (
				45D52D2E2A07275E000E6889 /* Debug */,
				45D52D2F2A07275E000E6889 /* Release */,
			);
			defaultConfigurationIsVisible = 0;
			defaultConfigurationName = Release;
		};
		45D52D302A07275E000E6889 /* Build configuration list for PBXNativeTarget "ExpandWindowHotKey" */ = {
			isa = XCConfigurationList;
			buildConfigurations = (
				45D52D312A07275E000E6889 /* Debug */,
				45D52D322A07275E000E6889 /* Release */,
			);
			defaultConfigurationIsVisible = 0;
			defaultConfigurationName = Release;
		};
/* End XCConfigurationList section */
	};
	rootObject = 45D52D192A07275C000E6889 /* Project object */;
}
